
Microsoft Visual Studio Solution File, Format Version 12.00
# Visual Studio Version 17
VisualStudioVersion = 17.8.34525.116
MinimumVisualStudioVersion = 10.0.40219.1
Project("{FAE04EC0-301F-11D3-BF4B-00C04F79EFBC}") = "lab8", "lab8\lab8.csproj", "{7143BD0C-A9CA-4BAE-B35E-88D045B89484}"
EndProject
Global
	GlobalSection(SolutionConfigurationPlatforms) = preSolution
		Debug|Any CPU = Debug|Any CPU
		Release|Any CPU = Release|Any CPU
	EndGlobalSection
	GlobalSection(ProjectConfigurationPlatforms) = postSolution
		{7143BD0C-A9CA-4BAE-B35E-88D045B89484}.Debug|Any CPU.ActiveCfg = Debug|Any CPU
		{7143BD0C-A9CA-4BAE-B35E-88D045B89484}.Debug|Any CPU.Build.0 = Debug|Any CPU
		{7143BD0C-A9CA-4BAE-B35E-88D045B89484}.Release|Any CPU.ActiveCfg = Release|Any CPU
		{7143BD0C-A9CA-4BAE-B35E-88D045B89484}.Release|Any CPU.Build.0 = Release|Any CPU
	EndGlobalSection
	GlobalSection(SolutionProperties) = preSolution
		HideSolutionNode = FALSE
	EndGlobalSection
	GlobalSection(ExtensibilityGlobals) = postSolution
		SolutionGuid = {F66389DF-2F38-47CE-9D5D-A03BD6E66711}
	EndGlobalSection
EndGlobal
